hash: 993411dd26aa931945acecd04490060b71068d3806e5531349b6b5f5b830af5c
updated: 2017-03-04T21:21:22.861767181-06:00
imports:
- name: github.com/beorn7/perks
  version: 4c0e84591b9aa9e6dcfdf3e020114cd81f89d5f9
  subpackages:
  - quantile
- name: github.com/boltdb/bolt
  version: 583e8937c61f1af6513608ccc75c97b6abdf4ff9
- name: github.com/dustin/go-humanize
  version: 7a41df006ff9af79a29f0ffa9c5f21fbe6314a2d
- name: github.com/FactomProject/basen
  version: fe3947df716ebfda9847eb1b9a48f9592e06478c
- name: github.com/FactomProject/btcutil
  version: 43986820ccd50b2b02b83e575cb3a39c87457482
  subpackages:
  - base58
- name: github.com/FactomProject/btcutilecc
  version: d3a63a5752ecf3fbc06bd97365da752111c263df
- name: github.com/FactomProject/ed25519
  version: 38002c4fe7b609c2fa3144a3cc29b997b756bb4c
  subpackages:
  - edwards25519
- name: github.com/FactomProject/factom
  version: 22c2a7941890085f4031ac4f84f9e8c2a1f2bd8a
- name: github.com/FactomProject/go-bip32
  version: 3b593af1c415abc1017648e4eb24a88c32fee0f3
- name: github.com/FactomProject/go-bip39
  version: d1007fb78d9a7ec65314dad412973e63caf4c527
- name: github.com/FactomProject/go-bip44
  version: fd672f46ddc35bb381f497f7b64c9cf34f9e0703
- name: github.com/FactomProject/go-simplejson
  version: aabad6e819789e569bd6aabf444c935aa9ba1e44
- name: github.com/FactomProject/netki-go-partner-client
  version: 426acb535e66cc2f9e6226ae254555e3572fd142
- name: github.com/fatih/color
  version: 7824417a424b65227be8ac9b14d545a7f3e6c3f0
- name: github.com/golang/protobuf
  version: 1f49d83d9aa00e6ce4fc8258c71cc7786aec968a
  subpackages:
  - proto
- name: github.com/mattn/go-colorable
  version: 5411d3eea5978e6cdc258b30de592b60df6aba96
  repo: https://github.com/mattn/go-colorable
- name: github.com/mattn/go-isatty
  version: dda3de49cbfcec471bd7a70e6cc01fcc3ff90109
  repo: https://github.com/mattn/go-isatty
- name: github.com/mattn/go-sqlite3
  version: ca5e3819723d8eeaf170ad510e7da1d6d2e94a08
- name: github.com/matttproud/golang_protobuf_extensions
  version: c12348ce28de40eed0136aa2b644d0ee0650e56c
  subpackages:
  - pbutil
- name: github.com/philhofer/fwd
  version: 98c11a7a6ec829d672b03833c3d69a7fae1ca972
- name: github.com/prometheus/client_golang
  version: c5b7fccd204277076155f10851dad72b76a49317
  subpackages:
  - prometheus
- name: github.com/prometheus/client_model
  version: fa8ad6fec33561be4280a8f0514318c79d7f6cb6
  subpackages:
  - go
- name: github.com/prometheus/common
  version: 616e90af75cc300730196d04f3676f838d70414f
  subpackages:
  - expfmt
  - internal/bitbucket.org/ww/goautoneg
  - model
- name: github.com/prometheus/procfs
  version: abf152e5f3e97f2fafac028d2cc06c1feb87ffa5
- name: github.com/tinylib/msgp
  version: 38a6f61a768dc24552dad94611923841b53acc4f
  subpackages:
  - msgp
- name: golang.org/x/crypto
  version: bed12803fa9663d7aa2c2346b0c634ad2dcd43b7
  subpackages:
  - ed25519
  - ed25519/internal/edwards25519
  - pbkdf2
  - ripemd160
- name: golang.org/x/net
  version: 007e530097ad7f954752df63046b4036f98ba6a6
  subpackages:
  - context
- name: golang.org/x/sys
  version: 7a6e5648d140666db5d920909e082ca00a87ba2c
  subpackages:
  - unix
testImports:
- name: github.com/adams-sarah/prettytest
  version: 2880862ae7f579fe57d0a6ddcaabcadb228102e0
- name: github.com/adams-sarah/test2doc
  version: e96044288938931a6a83c9aac8913aa47bce72ab
  subpackages:
  - doc/parse
- name: github.com/coreos/libtorrent-go
  version: 85dc8ea11bfbf64071af365e3a8d4000a83dc34b
- name: github.com/DistributedSolutions/logrus
  version: d26492970760ca5d33129d2d799e34be5c4782eb
- name: github.com/Emyrk/test2doc
  version: 2da5c5d864172adaa2bacaff52337ac930bce2db
  subpackages:
  - doc
  - test
- name: github.com/gorilla/mux
  version: 392c28fe23e1c45ddba891b0320b3b5df220beea
  subpackages:
  - v2
- name: github.com/leanovate/gopter
  version: 43cf95bdcf8d4b73624e7e71fec73765eb0a92dc
  subpackages:
  - gen
  - prop
