hash: 791c6f682050174e035f9c5168efe677e26fe685a66b69a9c58528f9f0bd6b93
updated: 2017-05-13T11:57:29.577291516-05:00
imports:
- name: github.com/adams-sarah/prettytest
  version: 2880862ae7f579fe57d0a6ddcaabcadb228102e0
- name: github.com/adams-sarah/test2doc
  version: da8da908883066abea518609b80da5a0031071cb
  subpackages:
  - doc/parse
- name: github.com/anacrolix/dht
  version: 960f9dd591cc5bcc1c7d215c6683cfd07300a291
  subpackages:
  - krpc
- name: github.com/anacrolix/missinggo
  version: 00e7d699a9063f958f13814802cd39e5ac9c85b4
  subpackages:
  - bitmap
  - container/xheap
  - httptoo
  - inproc
  - iter
  - orderedmap
  - perf
  - pproffd
  - prioritybitmap
  - pubsub
  - resource
  - slices
- name: github.com/anacrolix/sync
  version: d29d95568d362a0008c1ffbaea39a3449ea67509
- name: github.com/anacrolix/torrent
  version: 40b96d0e4e5df84afb90181e679804638ef8e82e
  subpackages:
  - bencode
  - iplist
  - logonce
  - metainfo
  - mmap_span
  - mse
  - peer_protocol
  - storage
  - tracker
  - util
- name: github.com/anacrolix/utp
  version: cb02a8a1ac94501fb8421531cd94d874360d35b1
- name: github.com/beorn7/perks
  version: 4c0e84591b9aa9e6dcfdf3e020114cd81f89d5f9
  subpackages:
  - quantile
- name: github.com/boltdb/bolt
  version: 583e8937c61f1af6513608ccc75c97b6abdf4ff9
- name: github.com/bradfitz/iter
  version: 454541ec3da2a73fc34fd049b19ee5777bf19345
- name: github.com/DistributedSolutions/logrus
  version: d26492970760ca5d33129d2d799e34be5c4782eb
- name: github.com/dustin/go-humanize
  version: 259d2a102b871d17f30e3cd9881a642961a1e486
- name: github.com/edsrzf/mmap-go
  version: 0bce6a6887123b67a60366d2c9fe2dfb74289d2e
- name: github.com/Emyrk/test2doc
  version: 2da5c5d864172adaa2bacaff52337ac930bce2db
  subpackages:
  - doc
  - test
- name: github.com/FactomProject/basen
  version: fe3947df716ebfda9847eb1b9a48f9592e06478c
- name: github.com/FactomProject/btcutil
  version: 43986820ccd50b2b02b83e575cb3a39c87457482
  subpackages:
  - base58
- name: github.com/FactomProject/btcutilecc
  version: d3a63a5752ecf3fbc06bd97365da752111c263df
- name: github.com/FactomProject/ed25519
  version: 38002c4fe7b609c2fa3144a3cc29b997b756bb4c
  subpackages:
  - edwards25519
- name: github.com/FactomProject/factom
  version: 35e13df20b8269a64560f55a558d4dcb2b11380e
- name: github.com/FactomProject/go-bip32
  version: 3b593af1c415abc1017648e4eb24a88c32fee0f3
- name: github.com/FactomProject/go-bip39
  version: d1007fb78d9a7ec65314dad412973e63caf4c527
- name: github.com/FactomProject/go-bip44
  version: fd672f46ddc35bb381f497f7b64c9cf34f9e0703
- name: github.com/FactomProject/go-simplejson
  version: aabad6e819789e569bd6aabf444c935aa9ba1e44
- name: github.com/FactomProject/netki-go-partner-client
  version: 426acb535e66cc2f9e6226ae254555e3572fd142
- name: github.com/fatih/color
  version: 9131ab34cf20d2f6d83fdc67168a5430d1c7dc23
- name: github.com/glycerine/go-unsnap-stream
  version: 87275cecd8e984c5875577d22da7ce8945df780e
- name: github.com/golang/protobuf
  version: 1f49d83d9aa00e6ce4fc8258c71cc7786aec968a
  subpackages:
  - proto
- name: github.com/golang/snappy
  version: 553a641470496b2327abcac10b36396bd98e45c9
- name: github.com/google/btree
  version: 316fb6d3f031ae8f4d457c6c5186b9e3ded70435
- name: github.com/mattn/go-colorable
  version: 5411d3eea5978e6cdc258b30de592b60df6aba96
  repo: https://github.com/mattn/go-colorable
- name: github.com/mattn/go-isatty
  version: 57fdcb988a5c543893cc61bce354a6e24ab70022
  repo: https://github.com/mattn/go-isatty
- name: github.com/mattn/go-sqlite3
  version: ca5e3819723d8eeaf170ad510e7da1d6d2e94a08
- name: github.com/matttproud/golang_protobuf_extensions
  version: c12348ce28de40eed0136aa2b644d0ee0650e56c
  subpackages:
  - pbutil
- name: github.com/mschoch/smat
  version: 90eadee771aeab36e8bf796039b8c261bebebe4f
- name: github.com/philhofer/fwd
  version: 98c11a7a6ec829d672b03833c3d69a7fae1ca972
- name: github.com/prometheus/client_golang
  version: c5b7fccd204277076155f10851dad72b76a49317
  subpackages:
  - prometheus
- name: github.com/prometheus/client_model
  version: fa8ad6fec33561be4280a8f0514318c79d7f6cb6
  subpackages:
  - go
- name: github.com/prometheus/common
  version: 616e90af75cc300730196d04f3676f838d70414f
  subpackages:
  - expfmt
  - internal/bitbucket.org/ww/goautoneg
  - model
- name: github.com/prometheus/procfs
  version: abf152e5f3e97f2fafac028d2cc06c1feb87ffa5
- name: github.com/RoaringBitmap/roaring
  version: 6dacb3b11b80b593f3718e4599c7354711f4f117
- name: github.com/ryszard/goskiplist
  version: 2dfbae5fcf46374f166f8969cb07e167f1be6273
  subpackages:
  - skiplist
- name: github.com/spaolacci/murmur3
  version: 0d12bf811670bf6a1a63828dfbd003eded177fce
- name: github.com/tinylib/msgp
  version: 38a6f61a768dc24552dad94611923841b53acc4f
  subpackages:
  - msgp
- name: github.com/tylertreat/BoomFilters
  version: b282640b93f349cd208f8d5921df2cfaf5780ee2
- name: github.com/willf/bitset
  version: 988f4f24992fc745de53c42df0da6581e42a6686
- name: github.com/willf/bloom
  version: 54e3b963ee1652b06c4562cb9b6020ebc6e36e59
- name: golang.org/x/crypto
  version: bed12803fa9663d7aa2c2346b0c634ad2dcd43b7
  subpackages:
  - ed25519
  - ed25519/internal/edwards25519
  - pbkdf2
  - ripemd160
- name: golang.org/x/net
  version: 007e530097ad7f954752df63046b4036f98ba6a6
  subpackages:
  - context
- name: golang.org/x/sys
  version: 7a6e5648d140666db5d920909e082ca00a87ba2c
  subpackages:
  - unix
- name: golang.org/x/time
  version: 8be79e1e0910c292df4e79c241bb7e8f7e725959
  subpackages:
  - rate
testImports:
- name: github.com/leanovate/gopter
  version: 43cf95bdcf8d4b73624e7e71fec73765eb0a92dc
  subpackages:
  - gen
  - prop
