hash: 172f1beeee6a31306af9e5b8b74a85f016af2d0cf1c72370f0521b12ced76ab5
updated: 2017-02-05T20:29:19.787646959-06:00
imports:
- name: github.com/boltdb/bolt
  version: 583e8937c61f1af6513608ccc75c97b6abdf4ff9
- name: github.com/dustin/go-humanize
  version: 7a41df006ff9af79a29f0ffa9c5f21fbe6314a2d
- name: github.com/FactomProject/ed25519
  version: 38002c4fe7b609c2fa3144a3cc29b997b756bb4c
  subpackages:
  - edwards25519
- name: github.com/FactomProject/factom
  version: 465195f91c4ef2927d8b20957134db382623e50f
- name: github.com/mattn/go-sqlite3
  version: ca5e3819723d8eeaf170ad510e7da1d6d2e94a08
- name: github.com/philhofer/fwd
  version: 98c11a7a6ec829d672b03833c3d69a7fae1ca972
- name: github.com/tinylib/msgp
  version: 38a6f61a768dc24552dad94611923841b53acc4f
  subpackages:
  - msgp
- name: golang.org/x/crypto
  version: c3b1d0d6d8690eaebe3064711b026770cc37efa3
  subpackages:
  - ed25519
  - ed25519/internal/edwards25519
- name: golang.org/x/net
  version: b7883d29650d340156352196ef5e434db117757b
  subpackages:
  - context
- name: golang.org/x/sys
  version: d75a52659825e75fff6158388dddc6a5b04f9ba5
  subpackages:
  - unix
testImports:
- name: github.com/leanovate/gopter
  version: 43cf95bdcf8d4b73624e7e71fec73765eb0a92dc
  subpackages:
  - gen
  - prop
